
Microsoft Visual Studio Solution File, Format Version 12.00
# Visual Studio Version 17
VisualStudioVersion = 17.1.32421.90
MinimumVisualStudioVersion = 10.0.40219.1
Project("{FAE04EC0-301F-11D3-BF4B-00C04F79EFBC}") = "Core", "Core\Core.csproj", "{A55F82D1-1F02-49A3-A0CD-78624AFF0DBA}"
EndProject
Project("{FAE04EC0-301F-11D3-BF4B-00C04F79EFBC}") = "AnimalShelterWPF", "AnimalShelterWPF\AnimalShelterWPF.csproj", "{12A983D9-83CF-4455-8806-8BB6335D0BDC}"
EndProject
Project("{9A19103F-16F7-4668-BE54-9A1E7A4F7556}") = "AnimalShelterWeb", "AnimalShelterWeb\AnimalShelterWeb.csproj", "{C5919B8B-A607-4EB9-BD19-CB974BAE4C9B}"
EndProject
Project("{FAE04EC0-301F-11D3-BF4B-00C04F79EFBC}") = "AnimalShelterAPI", "AnimalShelterAPI\AnimalShelterAPI.csproj", "{61CD48CF-F931-43D4-8F3C-967243D42C72}"
EndProject
Global
	GlobalSection(SolutionConfigurationPlatforms) = preSolution
		Debug|Any CPU = Debug|Any CPU
		Release|Any CPU = Release|Any CPU
	EndGlobalSection
	GlobalSection(ProjectConfigurationPlatforms) = postSolution
		{A55F82D1-1F02-49A3-A0CD-78624AFF0DBA}.Debug|Any CPU.ActiveCfg = Debug|Any CPU
		{A55F82D1-1F02-49A3-A0CD-78624AFF0DBA}.Debug|Any CPU.Build.0 = Debug|Any CPU
		{A55F82D1-1F02-49A3-A0CD-78624AFF0DBA}.Release|Any CPU.ActiveCfg = Release|Any CPU
		{A55F82D1-1F02-49A3-A0CD-78624AFF0DBA}.Release|Any CPU.Build.0 = Release|Any CPU
		{12A983D9-83CF-4455-8806-8BB6335D0BDC}.Debug|Any CPU.ActiveCfg = Debug|Any CPU
		{12A983D9-83CF-4455-8806-8BB6335D0BDC}.Debug|Any CPU.Build.0 = Debug|Any CPU
		{12A983D9-83CF-4455-8806-8BB6335D0BDC}.Release|Any CPU.ActiveCfg = Release|Any CPU
		{12A983D9-83CF-4455-8806-8BB6335D0BDC}.Release|Any CPU.Build.0 = Release|Any CPU
		{C5919B8B-A607-4EB9-BD19-CB974BAE4C9B}.Debug|Any CPU.ActiveCfg = Debug|Any CPU
		{C5919B8B-A607-4EB9-BD19-CB974BAE4C9B}.Debug|Any CPU.Build.0 = Debug|Any CPU
		{C5919B8B-A607-4EB9-BD19-CB974BAE4C9B}.Release|Any CPU.ActiveCfg = Release|Any CPU
		{C5919B8B-A607-4EB9-BD19-CB974BAE4C9B}.Release|Any CPU.Build.0 = Release|Any CPU
		{61CD48CF-F931-43D4-8F3C-967243D42C72}.Debug|Any CPU.ActiveCfg = Debug|Any CPU
		{61CD48CF-F931-43D4-8F3C-967243D42C72}.Debug|Any CPU.Build.0 = Debug|Any CPU
		{61CD48CF-F931-43D4-8F3C-967243D42C72}.Release|Any CPU.ActiveCfg = Release|Any CPU
		{61CD48CF-F931-43D4-8F3C-967243D42C72}.Release|Any CPU.Build.0 = Release|Any CPU
	EndGlobalSection
	GlobalSection(SolutionProperties) = preSolution
		HideSolutionNode = FALSE
	EndGlobalSection
	GlobalSection(ExtensibilityGlobals) = postSolution
		SolutionGuid = {1998F8B3-EFB2-4AA0-AE7A-2A8BBEE22A05}
	EndGlobalSection
EndGlobal
